
Microsoft Visual Studio Solution File, Format Version 12.00
# Visual Studio 15
VisualStudioVersion = 15.0.27703.2000
MinimumVisualStudioVersion = 10.0.40219.1
Project("{FAE04EC0-301F-11D3-BF4B-00C04F79EFBC}") = "Simr.WebApp", "Simr.WebApp\Simr.WebApp.csproj", "{2D02E9E2-EDB3-4C7A-A44C-ED655A2EA2F2}"
EndProject
Project("{FAE04EC0-301F-11D3-BF4B-00C04F79EFBC}") = "Sibr.Entities", "Sibr.Entities\Sibr.Entities.csproj", "{AA85FA19-8EDB-4209-A53F-84E812A79E19}"
EndProject
Project("{FAE04EC0-301F-11D3-BF4B-00C04F79EFBC}") = "Sirb.Common", "Sirb.Common\Sirb.Common.csproj", "{64705162-621B-415A-AF21-31A7EA3A3655}"
EndProject
Project("{FAE04EC0-301F-11D3-BF4B-00C04F79EFBC}") = "Simr.IServices", "Simr.IServices\Simr.IServices.csproj", "{CA9CB313-6749-4967-A6A0-BC7590D3FB9A}"
EndProject
Project("{FAE04EC0-301F-11D3-BF4B-00C04F79EFBC}") = "Simr.Services", "Simr.Services\Simr.Services.csproj", "{4B2C0B5B-684B-4C38-B4BC-E2DB17ED1170}"
EndProject
Project("{FAE04EC0-301F-11D3-BF4B-00C04F79EFBC}") = "Simr.DataLayer", "Simr.DataLayer\Simr.DataLayer.csproj", "{DE3E0B31-16C5-4E8D-9B02-E4CD0B814E0B}"
EndProject
Project("{FAE04EC0-301F-11D3-BF4B-00C04F79EFBC}") = "Simr.IDataLayer", "Simr.IDataLayer\Simr.IDataLayer.csproj", "{6F9B81C3-65FD-482E-9D83-9809AFCC67E5}"
EndProject
Global
	GlobalSection(SolutionConfigurationPlatforms) = preSolution
		Debug|Any CPU = Debug|Any CPU
		Release|Any CPU = Release|Any CPU
	EndGlobalSection
	GlobalSection(ProjectConfigurationPlatforms) = postSolution
		{2D02E9E2-EDB3-4C7A-A44C-ED655A2EA2F2}.Debug|Any CPU.ActiveCfg = Debug|Any CPU
		{2D02E9E2-EDB3-4C7A-A44C-ED655A2EA2F2}.Debug|Any CPU.Build.0 = Debug|Any CPU
		{2D02E9E2-EDB3-4C7A-A44C-ED655A2EA2F2}.Release|Any CPU.ActiveCfg = Release|Any CPU
		{2D02E9E2-EDB3-4C7A-A44C-ED655A2EA2F2}.Release|Any CPU.Build.0 = Release|Any CPU
		{AA85FA19-8EDB-4209-A53F-84E812A79E19}.Debug|Any CPU.ActiveCfg = Debug|Any CPU
		{AA85FA19-8EDB-4209-A53F-84E812A79E19}.Debug|Any CPU.Build.0 = Debug|Any CPU
		{AA85FA19-8EDB-4209-A53F-84E812A79E19}.Release|Any CPU.ActiveCfg = Release|Any CPU
		{AA85FA19-8EDB-4209-A53F-84E812A79E19}.Release|Any CPU.Build.0 = Release|Any CPU
		{64705162-621B-415A-AF21-31A7EA3A3655}.Debug|Any CPU.ActiveCfg = Debug|Any CPU
		{64705162-621B-415A-AF21-31A7EA3A3655}.Debug|Any CPU.Build.0 = Debug|Any CPU
		{64705162-621B-415A-AF21-31A7EA3A3655}.Release|Any CPU.ActiveCfg = Release|Any CPU
		{64705162-621B-415A-AF21-31A7EA3A3655}.Release|Any CPU.Build.0 = Release|Any CPU
		{CA9CB313-6749-4967-A6A0-BC7590D3FB9A}.Debug|Any CPU.ActiveCfg = Debug|Any CPU
		{CA9CB313-6749-4967-A6A0-BC7590D3FB9A}.Debug|Any CPU.Build.0 = Debug|Any CPU
		{CA9CB313-6749-4967-A6A0-BC7590D3FB9A}.Release|Any CPU.ActiveCfg = Release|Any CPU
		{CA9CB313-6749-4967-A6A0-BC7590D3FB9A}.Release|Any CPU.Build.0 = Release|Any CPU
		{4B2C0B5B-684B-4C38-B4BC-E2DB17ED1170}.Debug|Any CPU.ActiveCfg = Debug|Any CPU
		{4B2C0B5B-684B-4C38-B4BC-E2DB17ED1170}.Debug|Any CPU.Build.0 = Debug|Any CPU
		{4B2C0B5B-684B-4C38-B4BC-E2DB17ED1170}.Release|Any CPU.ActiveCfg = Release|Any CPU
		{4B2C0B5B-684B-4C38-B4BC-E2DB17ED1170}.Release|Any CPU.Build.0 = Release|Any CPU
		{DE3E0B31-16C5-4E8D-9B02-E4CD0B814E0B}.Debug|Any CPU.ActiveCfg = Debug|Any CPU
		{DE3E0B31-16C5-4E8D-9B02-E4CD0B814E0B}.Debug|Any CPU.Build.0 = Debug|Any CPU
		{DE3E0B31-16C5-4E8D-9B02-E4CD0B814E0B}.Release|Any CPU.ActiveCfg = Release|Any CPU
		{DE3E0B31-16C5-4E8D-9B02-E4CD0B814E0B}.Release|Any CPU.Build.0 = Release|Any CPU
		{6F9B81C3-65FD-482E-9D83-9809AFCC67E5}.Debug|Any CPU.ActiveCfg = Debug|Any CPU
		{6F9B81C3-65FD-482E-9D83-9809AFCC67E5}.Debug|Any CPU.Build.0 = Debug|Any CPU
		{6F9B81C3-65FD-482E-9D83-9809AFCC67E5}.Release|Any CPU.ActiveCfg = Release|Any CPU
		{6F9B81C3-65FD-482E-9D83-9809AFCC67E5}.Release|Any CPU.Build.0 = Release|Any CPU
	EndGlobalSection
	GlobalSection(SolutionProperties) = preSolution
		HideSolutionNode = FALSE
	EndGlobalSection
	GlobalSection(ExtensibilityGlobals) = postSolution
		SolutionGuid = {AADFDA34-61DD-4C43-A836-D818C48F4BD4}
	EndGlobalSection
EndGlobal
